
Microsoft Visual Studio Solution File, Format Version 12.00
# Visual Studio Version 17
VisualStudioVersion = 17.14.36203.30 d17.14
MinimumVisualStudioVersion = 10.0.40219.1
Project("{FAE04EC0-301F-11D3-BF4B-00C04F79EFBC}") = "DiscountCalculator", "DiscountCalculator.csproj", "{2F5E8A78-B1FF-4738-935D-D62DCEA5379F}"
EndProject
Global
	GlobalSection(SolutionConfigurationPlatforms) = preSolution
		Debug|Any CPU = Debug|Any CPU
		Release|Any CPU = Release|Any CPU
	EndGlobalSection
	GlobalSection(ProjectConfigurationPlatforms) = postSolution
		{2F5E8A78-B1FF-4738-935D-D62DCEA5379F}.Debug|Any CPU.ActiveCfg = Debug|Any CPU
		{2F5E8A78-B1FF-4738-935D-D62DCEA5379F}.Debug|Any CPU.Build.0 = Debug|Any CPU
		{2F5E8A78-B1FF-4738-935D-D62DCEA5379F}.Release|Any CPU.ActiveCfg = Release|Any CPU
		{2F5E8A78-B1FF-4738-935D-D62DCEA5379F}.Release|Any CPU.Build.0 = Release|Any CPU
	EndGlobalSection
	GlobalSection(SolutionProperties) = preSolution
		HideSolutionNode = FALSE
	EndGlobalSection
	GlobalSection(ExtensibilityGlobals) = postSolution
		SolutionGuid = {5D4C37EA-04D6-4FCE-8582-027C2BC34CF5}
	EndGlobalSection
EndGlobal
