
Microsoft Visual Studio Solution File, Format Version 12.00
# Visual Studio Version 17
VisualStudioVersion = 17.14.36301.6 d17.14
MinimumVisualStudioVersion = 10.0.40219.1
Project("{FAE04EC0-301F-11D3-BF4B-00C04F79EFBC}") = "FormatersApp", "FormatersApp.csproj", "{A06ED3AF-04A5-42AD-A65B-53843951A0AA}"
EndProject
Global
	GlobalSection(SolutionConfigurationPlatforms) = preSolution
		Debug|Any CPU = Debug|Any CPU
		Release|Any CPU = Release|Any CPU
	EndGlobalSection
	GlobalSection(ProjectConfigurationPlatforms) = postSolution
		{A06ED3AF-04A5-42AD-A65B-53843951A0AA}.Debug|Any CPU.ActiveCfg = Debug|Any CPU
		{A06ED3AF-04A5-42AD-A65B-53843951A0AA}.Debug|Any CPU.Build.0 = Debug|Any CPU
		{A06ED3AF-04A5-42AD-A65B-53843951A0AA}.Release|Any CPU.ActiveCfg = Release|Any CPU
		{A06ED3AF-04A5-42AD-A65B-53843951A0AA}.Release|Any CPU.Build.0 = Release|Any CPU
	EndGlobalSection
	GlobalSection(SolutionProperties) = preSolution
		HideSolutionNode = FALSE
	EndGlobalSection
	GlobalSection(ExtensibilityGlobals) = postSolution
		SolutionGuid = {A7884143-08E1-4919-82E5-619AB0BF19A9}
	EndGlobalSection
EndGlobal
