
Microsoft Visual Studio Solution File, Format Version 12.00
# Visual Studio Version 17
VisualStudioVersion = 17.14.36203.30 d17.14
MinimumVisualStudioVersion = 10.0.40219.1
Project("{FAE04EC0-301F-11D3-BF4B-00C04F79EFBC}") = "AgeCalculator", "AgeCalculator.csproj", "{C3409D58-6445-4BF5-8EBC-8ECBE78E42AB}"
EndProject
Global
	GlobalSection(SolutionConfigurationPlatforms) = preSolution
		Debug|Any CPU = Debug|Any CPU
		Release|Any CPU = Release|Any CPU
	EndGlobalSection
	GlobalSection(ProjectConfigurationPlatforms) = postSolution
		{C3409D58-6445-4BF5-8EBC-8ECBE78E42AB}.Debug|Any CPU.ActiveCfg = Debug|Any CPU
		{C3409D58-6445-4BF5-8EBC-8ECBE78E42AB}.Debug|Any CPU.Build.0 = Debug|Any CPU
		{C3409D58-6445-4BF5-8EBC-8ECBE78E42AB}.Release|Any CPU.ActiveCfg = Release|Any CPU
		{C3409D58-6445-4BF5-8EBC-8ECBE78E42AB}.Release|Any CPU.Build.0 = Release|Any CPU
	EndGlobalSection
	GlobalSection(SolutionProperties) = preSolution
		HideSolutionNode = FALSE
	EndGlobalSection
	GlobalSection(ExtensibilityGlobals) = postSolution
		SolutionGuid = {7AE86DF5-4EA8-4554-A321-C5980A512492}
	EndGlobalSection
EndGlobal
