
Microsoft Visual Studio Solution File, Format Version 12.00
# Visual Studio Version 17
VisualStudioVersion = 17.14.36301.6 d17.14
MinimumVisualStudioVersion = 10.0.40219.1
Project("{FAE04EC0-301F-11D3-BF4B-00C04F79EFBC}") = "NotePadApp", "NotePadApp.csproj", "{3982AE5B-ABCA-4E0F-B106-EF405E0B5695}"
EndProject
Global
	GlobalSection(SolutionConfigurationPlatforms) = preSolution
		Debug|Any CPU = Debug|Any CPU
		Release|Any CPU = Release|Any CPU
	EndGlobalSection
	GlobalSection(ProjectConfigurationPlatforms) = postSolution
		{3982AE5B-ABCA-4E0F-B106-EF405E0B5695}.Debug|Any CPU.ActiveCfg = Debug|Any CPU
		{3982AE5B-ABCA-4E0F-B106-EF405E0B5695}.Debug|Any CPU.Build.0 = Debug|Any CPU
		{3982AE5B-ABCA-4E0F-B106-EF405E0B5695}.Release|Any CPU.ActiveCfg = Release|Any CPU
		{3982AE5B-ABCA-4E0F-B106-EF405E0B5695}.Release|Any CPU.Build.0 = Release|Any CPU
	EndGlobalSection
	GlobalSection(SolutionProperties) = preSolution
		HideSolutionNode = FALSE
	EndGlobalSection
	GlobalSection(ExtensibilityGlobals) = postSolution
		SolutionGuid = {B7E663BD-50C4-4518-878D-4913962F19C4}
	EndGlobalSection
EndGlobal
