
Microsoft Visual Studio Solution File, Format Version 12.00
# Visual Studio Version 17
VisualStudioVersion = 17.14.36301.6 d17.14
MinimumVisualStudioVersion = 10.0.40219.1
Project("{FAE04EC0-301F-11D3-BF4B-00C04F79EFBC}") = "BlackBoxOS", "BlackBoxOS.csproj", "{F3F8EB5E-8C56-4068-950D-CA299C5107D4}"
EndProject
Global
	GlobalSection(SolutionConfigurationPlatforms) = preSolution
		Debug|Any CPU = Debug|Any CPU
		Release|Any CPU = Release|Any CPU
	EndGlobalSection
	GlobalSection(ProjectConfigurationPlatforms) = postSolution
		{F3F8EB5E-8C56-4068-950D-CA299C5107D4}.Debug|Any CPU.ActiveCfg = Debug|Any CPU
		{F3F8EB5E-8C56-4068-950D-CA299C5107D4}.Debug|Any CPU.Build.0 = Debug|Any CPU
		{F3F8EB5E-8C56-4068-950D-CA299C5107D4}.Release|Any CPU.ActiveCfg = Release|Any CPU
		{F3F8EB5E-8C56-4068-950D-CA299C5107D4}.Release|Any CPU.Build.0 = Release|Any CPU
	EndGlobalSection
	GlobalSection(SolutionProperties) = preSolution
		HideSolutionNode = FALSE
	EndGlobalSection
	GlobalSection(ExtensibilityGlobals) = postSolution
		SolutionGuid = {1A987C75-C6B9-420A-886B-FB355D6A6D98}
	EndGlobalSection
EndGlobal
